{
  "version": 4,
  "terraform_version": "1.14.0",
  "serial": 18,
  "lineage": "d3152773-3f51-3ecd-b5ed-e57cf0625f24",
  "outputs": {
    "ec2_public_ip": {
      "value": "3.239.96.210",
      "type": "string"
    },
    "public_ip": {
      "value": "3.239.96.210",
      "type": "string"
    }
  },
  "resources": [
    {
      "module": "module.docker_ec2",
      "mode": "managed",
      "type": "aws_instance",
      "name": "docker_ec2",
      "provider": "provider[\"registry.terraform.io/hashicorp/aws\"]",
      "instances": [
        {
          "schema_version": 2,
          "attributes": {
            "ami": "ami-0ecb62995f68bb549",
            "arn": "arn:aws:ec2:us-east-1:146401774904:instance/i-09fa5b08d09b4458d",
            "associate_public_ip_address": true,
            "availability_zone": "us-east-1f",
            "capacity_reservation_specification": [
              {
                "capacity_reservation_preference": "open",
                "capacity_reservation_target": []
              }
            ],
            "cpu_options": [
              {
                "amd_sev_snp": "",
                "core_count": 1,
                "threads_per_core": 2
              }
            ],
            "credit_specification": [
              {
                "cpu_credits": "unlimited"
              }
            ],
            "disable_api_stop": false,
            "disable_api_termination": false,
            "ebs_block_device": [],
            "ebs_optimized": false,
            "enable_primary_ipv6": null,
            "enclave_options": [
              {
                "enabled": false
              }
            ],
            "ephemeral_block_device": [],
            "force_destroy": false,
            "get_password_data": false,
            "hibernation": false,
            "host_id": "",
            "host_resource_group_arn": null,
            "iam_instance_profile": "",
            "id": "i-09fa5b08d09b4458d",
            "instance_initiated_shutdown_behavior": "stop",
            "instance_lifecycle": "",
            "instance_market_options": [],
            "instance_state": "running",
            "instance_type": "t3.micro",
            "ipv6_address_count": 0,
            "ipv6_addresses": [],
            "key_name": "windows-pem-key",
            "launch_template": [],
            "maintenance_options": [
              {
                "auto_recovery": "default"
              }
            ],
            "metadata_options": [
              {
                "http_endpoint": "enabled",
                "http_protocol_ipv6": "disabled",
                "http_put_response_hop_limit": 2,
                "http_tokens": "required",
                "instance_metadata_tags": "disabled"
              }
            ],
            "monitoring": false,
            "network_interface": [],
            "outpost_arn": "",
            "password_data": "",
            "placement_group": "",
            "placement_group_id": "",
            "placement_partition_number": 0,
            "primary_network_interface": [
              {
                "delete_on_termination": true,
                "network_interface_id": "eni-0b5cc0dfe07415c89"
              }
            ],
            "primary_network_interface_id": "eni-0b5cc0dfe07415c89",
            "private_dns": "ip-172-31-76-254.ec2.internal",
            "private_dns_name_options": [
              {
                "enable_resource_name_dns_a_record": false,
                "enable_resource_name_dns_aaaa_record": false,
                "hostname_type": "ip-name"
              }
            ],
            "private_ip": "172.31.76.254",
            "public_dns": "ec2-3-239-96-210.compute-1.amazonaws.com",
            "public_ip": "3.239.96.210",
            "region": "us-east-1",
            "root_block_device": [
              {
                "delete_on_termination": true,
                "device_name": "/dev/sda1",
                "encrypted": false,
                "iops": 3000,
                "kms_key_id": "",
                "tags": {},
                "tags_all": {},
                "throughput": 125,
                "volume_id": "vol-0ab7425d2eedaa214",
                "volume_size": 8,
                "volume_type": "gp3"
              }
            ],
            "secondary_private_ips": [],
            "security_groups": [
              "default"
            ],
            "source_dest_check": true,
            "spot_instance_request_id": "",
            "subnet_id": "subnet-00b88ce241f7341c5",
            "tags": {
              "Name": "docker-ec2"
            },
            "tags_all": {
              "Name": "docker-ec2"
            },
            "tenancy": "default",
            "timeouts": null,
            "user_data": "  #!/bin/bash\r\n\r\n# Update system\r\nsudo apt update -y\r\n\r\n# Install Docker\r\nsudo apt install docker.io -y\r\n\r\nsudo systemctl start docker\r\nsudo systemctl enable docker\r\nsudo usermod -aG docker ubuntu\r\n\r\nsudo docker pull rajsingh81/frontend:latest\r\nsudo docker run -d -p 3000:3000 --name e_commerce rajsingh81/frontend:latest\r\n",
            "user_data_base64": null,
            "user_data_replace_on_change": false,
            "volume_tags": null,
            "vpc_security_group_ids": [
              "sg-0e2ede4a0f6e2d778"
            ]
          },
          "sensitive_attributes": [],
          "identity_schema_version": 0,
          "identity": {
            "account_id": "146401774904",
            "id": "i-09fa5b08d09b4458d",
            "region": "us-east-1"
          },
          "private": "eyJlMmJmYjczMC1lY2FhLTExZTYtOGY4OC0zNDM2M2JjN2M0YzAiOnsiY3JlYXRlIjo2MDAwMDAwMDAwMDAsImRlbGV0ZSI6MTIwMDAwMDAwMDAwMCwicmVhZCI6OTAwMDAwMDAwMDAwLCJ1cGRhdGUiOjYwMDAwMDAwMDAwMH0sInNjaGVtYV92ZXJzaW9uIjoiMiJ9"
        }
      ]
    }
  ],
  "check_results": null
}
